// !$*UTF8*$!
{
	archiveVersion = 1;
	classes = {
	};
	objectVersion = 46;
	objects = {

/* Begin PBXBuildFile section */
		BC9FF1C31A1B88D700CA46E8 /* CSCell.m in Sources */ = {isa = PBXBuildFile; fileRef = BC9FF1C11A1B88D700CA46E8 /* CSCell.m */; };
		BC9FF1C41A1B88D700CA46E8 /* CSCell.xib in Resources */ = {isa = PBXBuildFile; fileRef = BC9FF1C21A1B88D700CA46E8 /* CSCell.xib */; };
		BCB9C0311A1B49E3004D0C0E /* main.m in Sources */ = {isa = PBXBuildFile; fileRef = BCB9C0301A1B49E3004D0C0E /* main.m */; };
		BCB9C0341A1B49E3004D0C0E /* AppDelegate.m in Sources */ = {isa = PBXBuildFile; fileRef = BCB9C0331A1B49E3004D0C0E /* AppDelegate.m */; };
		BCB9C0371A1B49E3004D0C0E /* ViewController.m in Sources */ = {isa = PBXBuildFile; fileRef = BCB9C0361A1B49E3004D0C0E /* ViewController.m */; };
		BCB9C03C1A1B49E4004D0C0E /* Images.xcassets in Resources */ = {isa = PBXBuildFile; fileRef = BCB9C03B1A1B49E4004D0C0E /* Images.xcassets */; };
		BCB9C03F1A1B49E4004D0C0E /* LaunchScreen.xib in Resources */ = {isa = PBXBuildFile; fileRef = BCB9C03D1A1B49E4004D0C0E /* LaunchScreen.xib */; };
		BCB9C04B1A1B49E4004D0C0E /* CollectionViewTests.m in Sources */ = {isa = PBXBuildFile; fileRef = BCB9C04A1A1B49E4004D0C0E /* CollectionViewTests.m */; };
		BCB9C0551A1B4C08004D0C0E /* ViewController.xib in Resources */ = {isa = PBXBuildFile; fileRef = BCB9C0541A1B4C08004D0C0E /* ViewController.xib */; };
		BCBBE8E91A1C66AE00497248 /* download (1).jpeg in Resources */ = {isa = PBXBuildFile; fileRef = BCBBE8D01A1C66AE00497248 /* download (1).jpeg */; };
		BCBBE8EA1A1C66AE00497248 /* download (2).jpeg in Resources */ = {isa = PBXBuildFile; fileRef = BCBBE8D11A1C66AE00497248 /* download (2).jpeg */; };
		BCBBE8EB1A1C66AE00497248 /* download (3).jpeg in Resources */ = {isa = PBXBuildFile; fileRef = BCBBE8D21A1C66AE00497248 /* download (3).jpeg */; };
		BCBBE8EC1A1C66AE00497248 /* download (4).jpeg in Resources */ = {isa = PBXBuildFile; fileRef = BCBBE8D31A1C66AE00497248 /* download (4).jpeg */; };
		BCBBE8ED1A1C66AE00497248 /* download (5).jpeg in Resources */ = {isa = PBXBuildFile; fileRef = BCBBE8D41A1C66AE00497248 /* download (5).jpeg */; };
		BCBBE8EE1A1C66AE00497248 /* download (6).jpeg in Resources */ = {isa = PBXBuildFile; fileRef = BCBBE8D51A1C66AE00497248 /* download (6).jpeg */; };
		BCBBE8EF1A1C66AE00497248 /* download (7).jpeg in Resources */ = {isa = PBXBuildFile; fileRef = BCBBE8D61A1C66AE00497248 /* download (7).jpeg */; };
		BCBBE8F01A1C66AE00497248 /* download.jpeg in Resources */ = {isa = PBXBuildFile; fileRef = BCBBE8D71A1C66AE00497248 /* download.jpeg */; };
		BCBBE8F11A1C66AE00497248 /* images (1).jpeg in Resources */ = {isa = PBXBuildFile; fileRef = BCBBE8D81A1C66AE00497248 /* images (1).jpeg */; };
		BCBBE8F21A1C66AE00497248 /* images (2).jpeg in Resources */ = {isa = PBXBuildFile; fileRef = BCBBE8D91A1C66AE00497248 /* images (2).jpeg */; };
		BCBBE8F31A1C66AE00497248 /* images (3).jpeg in Resources */ = {isa = PBXBuildFile; fileRef = BCBBE8DA1A1C66AE00497248 /* images (3).jpeg */; };
		BCBBE8F41A1C66AE00497248 /* images (4).jpeg in Resources */ = {isa = PBXBuildFile; fileRef = BCBBE8DB1A1C66AE00497248 /* images (4).jpeg */; };
		BCBBE8F51A1C66AE00497248 /* images (5).jpeg in Resources */ = {isa = PBXBuildFile; fileRef = BCBBE8DC1A1C66AE00497248 /* images (5).jpeg */; };
		BCBBE8F61A1C66AE00497248 /* images (6).jpeg in Resources */ = {isa = PBXBuildFile; fileRef = BCBBE8DD1A1C66AE00497248 /* images (6).jpeg */; };
		BCBBE8F71A1C66AE00497248 /* images (7).jpeg in Resources */ = {isa = PBXBuildFile; fileRef = BCBBE8DE1A1C66AE00497248 /* images (7).jpeg */; };
		BCBBE8F81A1C66AE00497248 /* images (8).jpeg in Resources */ = {isa = PBXBuildFile; fileRef = BCBBE8DF1A1C66AE00497248 /* images (8).jpeg */; };
		BCBBE8F91A1C66AE00497248 /* images (9).jpeg in Resources */ = {isa = PBXBuildFile; fileRef = BCBBE8E01A1C66AE00497248 /* images (9).jpeg */; };
		BCBBE8FA1A1C66AE00497248 /* images (10).jpeg in Resources */ = {isa = PBXBuildFile; fileRef = BCBBE8E11A1C66AE00497248 /* images (10).jpeg */; };
		BCBBE8FB1A1C66AE00497248 /* images (11).jpeg in Resources */ = {isa = PBXBuildFile; fileRef = BCBBE8E21A1C66AE00497248 /* images (11).jpeg */; };
		BCBBE8FC1A1C66AE00497248 /* images (12).jpeg in Resources */ = {isa = PBXBuildFile; fileRef = BCBBE8E31A1C66AE00497248 /* images (12).jpeg */; };
		BCBBE8FD1A1C66AE00497248 /* images (13).jpeg in Resources */ = {isa = PBXBuildFile; fileRef = BCBBE8E41A1C66AE00497248 /* images (13).jpeg */; };
		BCBBE8FE1A1C66AE00497248 /* images (14).jpeg in Resources */ = {isa = PBXBuildFile; fileRef = BCBBE8E51A1C66AE00497248 /* images (14).jpeg */; };
		BCBBE8FF1A1C66AE00497248 /* images (15).jpeg in Resources */ = {isa = PBXBuildFile; fileRef = BCBBE8E61A1C66AE00497248 /* images (15).jpeg */; };
		BCBBE9001A1C66AE00497248 /* images (16).jpeg in Resources */ = {isa = PBXBuildFile; fileRef = BCBBE8E71A1C66AE00497248 /* images (16).jpeg */; };
		BCBBE9011A1C66AE00497248 /* images.jpeg in Resources */ = {isa = PBXBuildFile; fileRef = BCBBE8E81A1C66AE00497248 /* images.jpeg */; };
/* End PBXBuildFile section */

/* Begin PBXContainerItemProxy section */
		BCB9C0451A1B49E4004D0C0E /* PBXContainerItemProxy */ = {
			isa = PBXContainerItemProxy;
			containerPortal = BCB9C0231A1B49E3004D0C0E /* Project object */;
			proxyType = 1;
			remoteGlobalIDString = BCB9C02A1A1B49E3004D0C0E;
			remoteInfo = CollectionView;
		};
/* End PBXContainerItemProxy section */

/* Begin PBXFileReference section */
		BC9FF1C01A1B88D700CA46E8 /* CSCell.h */ = {isa = PBXFileReference; fileEncoding = 4; lastKnownFileType = sourcecode.c.h; path = CSCell.h; sourceTree = "<group>"; };
		BC9FF1C11A1B88D700CA46E8 /* CSCell.m */ = {isa = PBXFileReference; fileEncoding = 4; lastKnownFileType = sourcecode.c.objc; path = CSCell.m; sourceTree = "<group>"; };
		BC9FF1C21A1B88D700CA46E8 /* CSCell.xib */ = {isa = PBXFileReference; fileEncoding = 4; lastKnownFileType = file.xib; path = CSCell.xib; sourceTree = "<group>"; };
		BCB9C02B1A1B49E3004D0C0E /* CollectionView.app */ = {isa = PBXFileReference; explicitFileType = wrapper.application; includeInIndex = 0; path = CollectionView.app; sourceTree = BUILT_PRODUCTS_DIR; };
		BCB9C02F1A1B49E3004D0C0E /* Info.plist */ = {isa = PBXFileReference; lastKnownFileType = text.plist.xml; path = Info.plist; sourceTree = "<group>"; };
		BCB9C0301A1B49E3004D0C0E /* main.m */ = {isa = PBXFileReference; lastKnownFileType = sourcecode.c.objc; path = main.m; sourceTree = "<group>"; };
		BCB9C0321A1B49E3004D0C0E /* AppDelegate.h */ = {isa = PBXFileReference; lastKnownFileType = sourcecode.c.h; path = AppDelegate.h; sourceTree = "<group>"; };
		BCB9C0331A1B49E3004D0C0E /* AppDelegate.m */ = {isa = PBXFileReference; lastKnownFileType = sourcecode.c.objc; path = AppDelegate.m; sourceTree = "<group>"; };
		BCB9C0351A1B49E3004D0C0E /* ViewController.h */ = {isa = PBXFileReference; lastKnownFileType = sourcecode.c.h; path = ViewController.h; sourceTree = "<group>"; };
		BCB9C0361A1B49E3004D0C0E /* ViewController.m */ = {isa = PBXFileReference; lastKnownFileType = sourcecode.c.objc; path = ViewController.m; sourceTree = "<group>"; };
		BCB9C03B1A1B49E4004D0C0E /* Images.xcassets */ = {isa = PBXFileReference; lastKnownFileType = folder.assetcatalog; path = Images.xcassets; sourceTree = "<group>"; };
		BCB9C03E1A1B49E4004D0C0E /* Base */ = {isa = PBXFileReference; lastKnownFileType = file.xib; name = Base; path = Base.lproj/LaunchScreen.xib; sourceTree = "<group>"; };
		BCB9C0441A1B49E4004D0C0E /* CollectionViewTests.xctest */ = {isa = PBXFileReference; explicitFileType = wrapper.cfbundle; includeInIndex = 0; path = CollectionViewTests.xctest; sourceTree = BUILT_PRODUCTS_DIR; };
		BCB9C0491A1B49E4004D0C0E /* Info.plist */ = {isa = PBXFileReference; lastKnownFileType = text.plist.xml; path = Info.plist; sourceTree = "<group>"; };
		BCB9C04A1A1B49E4004D0C0E /* CollectionViewTests.m */ = {isa = PBXFileReference; lastKnownFileType = sourcecode.c.objc; path = CollectionViewTests.m; sourceTree = "<group>"; };
		BCB9C0541A1B4C08004D0C0E /* ViewController.xib */ = {isa = PBXFileReference; fileEncoding = 4; lastKnownFileType = file.xib; path = ViewController.xib; sourceTree = "<group>"; };
		BCBBE8D01A1C66AE00497248 /* download (1).jpeg */ = {isa = PBXFileReference; lastKnownFileType = image.jpeg; path = "download (1).jpeg"; sourceTree = "<group>"; };
		BCBBE8D11A1C66AE00497248 /* download (2).jpeg */ = {isa = PBXFileReference; lastKnownFileType = image.jpeg; path = "download (2).jpeg"; sourceTree = "<group>"; };
		BCBBE8D21A1C66AE00497248 /* download (3).jpeg */ = {isa = PBXFileReference; lastKnownFileType = image.jpeg; path = "download (3).jpeg"; sourceTree = "<group>"; };
		BCBBE8D31A1C66AE00497248 /* download (4).jpeg */ = {isa = PBXFileReference; lastKnownFileType = image.jpeg; path = "download (4).jpeg"; sourceTree = "<group>"; };
		BCBBE8D41A1C66AE00497248 /* download (5).jpeg */ = {isa = PBXFileReference; lastKnownFileType = image.jpeg; path = "download (5).jpeg"; sourceTree = "<group>"; };
		BCBBE8D51A1C66AE00497248 /* download (6).jpeg */ = {isa = PBXFileReference; lastKnownFileType = image.jpeg; path = "download (6).jpeg"; sourceTree = "<group>"; };
		BCBBE8D61A1C66AE00497248 /* download (7).jpeg */ = {isa = PBXFileReference; lastKnownFileType = image.jpeg; path = "download (7).jpeg"; sourceTree = "<group>"; };
		BCBBE8D71A1C66AE00497248 /* download.jpeg */ = {isa = PBXFileReference; lastKnownFileType = image.jpeg; path = download.jpeg; sourceTree = "<group>"; };
		BCBBE8D81A1C66AE00497248 /* images (1).jpeg */ = {isa = PBXFileReference; lastKnownFileType = image.jpeg; path = "images (1).jpeg"; sourceTree = "<group>"; };
		BCBBE8D91A1C66AE00497248 /* images (2).jpeg */ = {isa = PBXFileReference; lastKnownFileType = image.jpeg; path = "images (2).jpeg"; sourceTree = "<group>"; };
		BCBBE8DA1A1C66AE00497248 /* images (3).jpeg */ = {isa = PBXFileReference; lastKnownFileType = image.jpeg; path = "images (3).jpeg"; sourceTree = "<group>"; };
		BCBBE8DB1A1C66AE00497248 /* images (4).jpeg */ = {isa = PBXFileReference; lastKnownFileType = image.jpeg; path = "images (4).jpeg"; sourceTree = "<group>"; };
		BCBBE8DC1A1C66AE00497248 /* images (5).jpeg */ = {isa = PBXFileReference; lastKnownFileType = image.jpeg; path = "images (5).jpeg"; sourceTree = "<group>"; };
		BCBBE8DD1A1C66AE00497248 /* images (6).jpeg */ = {isa = PBXFileReference; lastKnownFileType = image.jpeg; path = "images (6).jpeg"; sourceTree = "<group>"; };
		BCBBE8DE1A1C66AE00497248 /* images (7).jpeg */ = {isa = PBXFileReference; lastKnownFileType = image.jpeg; path = "images (7).jpeg"; sourceTree = "<group>"; };
		BCBBE8DF1A1C66AE00497248 /* images (8).jpeg */ = {isa = PBXFileReference; lastKnownFileType = image.jpeg; path = "images (8).jpeg"; sourceTree = "<group>"; };
		BCBBE8E01A1C66AE00497248 /* images (9).jpeg */ = {isa = PBXFileReference; lastKnownFileType = image.jpeg; path = "images (9).jpeg"; sourceTree = "<group>"; };
		BCBBE8E11A1C66AE00497248 /* images (10).jpeg */ = {isa = PBXFileReference; lastKnownFileType = image.jpeg; path = "images (10).jpeg"; sourceTree = "<group>"; };
		BCBBE8E21A1C66AE00497248 /* images (11).jpeg */ = {isa = PBXFileReference; lastKnownFileType = image.jpeg; path = "images (11).jpeg"; sourceTree = "<group>"; };
		BCBBE8E31A1C66AE00497248 /* images (12).jpeg */ = {isa = PBXFileReference; lastKnownFileType = image.jpeg; path = "images (12).jpeg"; sourceTree = "<group>"; };
		BCBBE8E41A1C66AE00497248 /* images (13).jpeg */ = {isa = PBXFileReference; lastKnownFileType = image.jpeg; path = "images (13).jpeg"; sourceTree = "<group>"; };
		BCBBE8E51A1C66AE00497248 /* images (14).jpeg */ = {isa = PBXFileReference; lastKnownFileType = image.jpeg; path = "images (14).jpeg"; sourceTree = "<group>"; };
		BCBBE8E61A1C66AE00497248 /* images (15).jpeg */ = {isa = PBXFileReference; lastKnownFileType = image.jpeg; path = "images (15).jpeg"; sourceTree = "<group>"; };
		BCBBE8E71A1C66AE00497248 /* images (16).jpeg */ = {isa = PBXFileReference; lastKnownFileType = image.jpeg; path = "images (16).jpeg"; sourceTree = "<group>"; };
		BCBBE8E81A1C66AE00497248 /* images.jpeg */ = {isa = PBXFileReference; lastKnownFileType = image.jpeg; path = images.jpeg; sourceTree = "<group>"; };
/* End PBXFileReference section */

/* Begin PBXFrameworksBuildPhase section */
		BCB9C0281A1B49E3004D0C0E /* Frameworks */ = {
			isa = PBXFrameworksBuildPhase;
			buildActionMask = 2147483647;
			files = (
			);
			runOnlyForDeploymentPostprocessing = 0;
		};
		BCB9C0411A1B49E4004D0C0E /* Frameworks */ = {
			isa = PBXFrameworksBuildPhase;
			buildActionMask = 2147483647;
			files = (
			);
			runOnlyForDeploymentPostprocessing = 0;
		};
/* End PBXFrameworksBuildPhase section */

/* Begin PBXGroup section */
		BCB9C0221A1B49E3004D0C0E = {
			isa = PBXGroup;
			children = (
				BCB9C02D1A1B49E3004D0C0E /* CollectionView */,
				BCB9C0471A1B49E4004D0C0E /* CollectionViewTests */,
				BCB9C02C1A1B49E3004D0C0E /* Products */,
			);
			sourceTree = "<group>";
		};
		BCB9C02C1A1B49E3004D0C0E /* Products */ = {
			isa = PBXGroup;
			children = (
				BCB9C02B1A1B49E3004D0C0E /* CollectionView.app */,
				BCB9C0441A1B49E4004D0C0E /* CollectionViewTests.xctest */,
			);
			name = Products;
			sourceTree = "<group>";
		};
		BCB9C02D1A1B49E3004D0C0E /* CollectionView */ = {
			isa = PBXGroup;
			children = (
				BCBBE8CF1A1C669300497248 /* images */,
				BCB9C0321A1B49E3004D0C0E /* AppDelegate.h */,
				BCB9C0331A1B49E3004D0C0E /* AppDelegate.m */,
				BCB9C0351A1B49E3004D0C0E /* ViewController.h */,
				BCB9C0361A1B49E3004D0C0E /* ViewController.m */,
				BCB9C0541A1B4C08004D0C0E /* ViewController.xib */,
				BC9FF1C01A1B88D700CA46E8 /* CSCell.h */,
				BC9FF1C11A1B88D700CA46E8 /* CSCell.m */,
				BC9FF1C21A1B88D700CA46E8 /* CSCell.xib */,
				BCB9C03B1A1B49E4004D0C0E /* Images.xcassets */,
				BCB9C03D1A1B49E4004D0C0E /* LaunchScreen.xib */,
				BCB9C02E1A1B49E3004D0C0E /* Supporting Files */,
			);
			path = CollectionView;
			sourceTree = "<group>";
		};
		BCB9C02E1A1B49E3004D0C0E /* Supporting Files */ = {
			isa = PBXGroup;
			children = (
				BCB9C02F1A1B49E3004D0C0E /* Info.plist */,
				BCB9C0301A1B49E3004D0C0E /* main.m */,
			);
			name = "Supporting Files";
			sourceTree = "<group>";
		};
		BCB9C0471A1B49E4004D0C0E /* CollectionViewTests */ = {
			isa = PBXGroup;
			children = (
				BCB9C04A1A1B49E4004D0C0E /* CollectionViewTests.m */,
				BCB9C0481A1B49E4004D0C0E /* Supporting Files */,
			);
			path = CollectionViewTests;
			sourceTree = "<group>";
		};
		BCB9C0481A1B49E4004D0C0E /* Supporting Files */ = {
			isa = PBXGroup;
			children = (
				BCB9C0491A1B49E4004D0C0E /* Info.plist */,
			);
			name = "Supporting Files";
			sourceTree = "<group>";
		};
		BCBBE8CF1A1C669300497248 /* images */ = {
			isa = PBXGroup;
			children = (
				BCBBE8D01A1C66AE00497248 /* download (1).jpeg */,
				BCBBE8D11A1C66AE00497248 /* download (2).jpeg */,
				BCBBE8D21A1C66AE00497248 /* download (3).jpeg */,
				BCBBE8D31A1C66AE00497248 /* download (4).jpeg */,
				BCBBE8D41A1C66AE00497248 /* download (5).jpeg */,
				BCBBE8D51A1C66AE00497248 /* download (6).jpeg */,
				BCBBE8D61A1C66AE00497248 /* download (7).jpeg */,
				BCBBE8D71A1C66AE00497248 /* download.jpeg */,
				BCBBE8D81A1C66AE00497248 /* images (1).jpeg */,
				BCBBE8D91A1C66AE00497248 /* images (2).jpeg */,
				BCBBE8DA1A1C66AE00497248 /* images (3).jpeg */,
				BCBBE8DB1A1C66AE00497248 /* images (4).jpeg */,
				BCBBE8DC1A1C66AE00497248 /* images (5).jpeg */,
				BCBBE8DD1A1C66AE00497248 /* images (6).jpeg */,
				BCBBE8DE1A1C66AE00497248 /* images (7).jpeg */,
				BCBBE8DF1A1C66AE00497248 /* images (8).jpeg */,
				BCBBE8E01A1C66AE00497248 /* images (9).jpeg */,
				BCBBE8E11A1C66AE00497248 /* images (10).jpeg */,
				BCBBE8E21A1C66AE00497248 /* images (11).jpeg */,
				BCBBE8E31A1C66AE00497248 /* images (12).jpeg */,
				BCBBE8E41A1C66AE00497248 /* images (13).jpeg */,
				BCBBE8E51A1C66AE00497248 /* images (14).jpeg */,
				BCBBE8E61A1C66AE00497248 /* images (15).jpeg */,
				BCBBE8E71A1C66AE00497248 /* images (16).jpeg */,
				BCBBE8E81A1C66AE00497248 /* images.jpeg */,
			);
			name = images;
			sourceTree = "<group>";
		};
/* End PBXGroup section */

/* Begin PBXNativeTarget section */
		BCB9C02A1A1B49E3004D0C0E /* CollectionView */ = {
			isa = PBXNativeTarget;
			buildConfigurationList = BCB9C04E1A1B49E4004D0C0E /* Build configuration list for PBXNativeTarget "CollectionView" */;
			buildPhases = (
				BCB9C0271A1B49E3004D0C0E /* Sources */,
				BCB9C0281A1B49E3004D0C0E /* Frameworks */,
				BCB9C0291A1B49E3004D0C0E /* Resources */,
			);
			buildRules = (
			);
			dependencies = (
			);
			name = CollectionView;
			productName = CollectionView;
			productReference = BCB9C02B1A1B49E3004D0C0E /* CollectionView.app */;
			productType = "com.apple.product-type.application";
		};
		BCB9C0431A1B49E4004D0C0E /* CollectionViewTests */ = {
			isa = PBXNativeTarget;
			buildConfigurationList = BCB9C0511A1B49E4004D0C0E /* Build configuration list for PBXNativeTarget "CollectionViewTests" */;
			buildPhases = (
				BCB9C0401A1B49E4004D0C0E /* Sources */,
				BCB9C0411A1B49E4004D0C0E /* Frameworks */,
				BCB9C0421A1B49E4004D0C0E /* Resources */,
			);
			buildRules = (
			);
			dependencies = (
				BCB9C0461A1B49E4004D0C0E /* PBXTargetDependency */,
			);
			name = CollectionViewTests;
			productName = CollectionViewTests;
			productReference = BCB9C0441A1B49E4004D0C0E /* CollectionViewTests.xctest */;
			productType = "com.apple.product-type.bundle.unit-test";
		};
/* End PBXNativeTarget section */

/* Begin PBXProject section */
		BCB9C0231A1B49E3004D0C0E /* Project object */ = {
			isa = PBXProject;
			attributes = {
				LastUpgradeCheck = 0600;
				ORGANIZATIONNAME = gyana;
				TargetAttributes = {
					BCB9C02A1A1B49E3004D0C0E = {
						CreatedOnToolsVersion = 6.0;
					};
					BCB9C0431A1B49E4004D0C0E = {
						CreatedOnToolsVersion = 6.0;
						TestTargetID = BCB9C02A1A1B49E3004D0C0E;
					};
				};
			};
			buildConfigurationList = BCB9C0261A1B49E3004D0C0E /* Build configuration list for PBXProject "CollectionView" */;
			compatibilityVersion = "Xcode 3.2";
			developmentRegion = English;
			hasScannedForEncodings = 0;
			knownRegions = (
				en,
				Base,
			);
			mainGroup = BCB9C0221A1B49E3004D0C0E;
			productRefGroup = BCB9C02C1A1B49E3004D0C0E /* Products */;
			projectDirPath = "";
			projectRoot = "";
			targets = (
				BCB9C02A1A1B49E3004D0C0E /* CollectionView */,
				BCB9C0431A1B49E4004D0C0E /* CollectionViewTests */,
			);
		};
/* End PBXProject section */

/* Begin PBXResourcesBuildPhase section */
		BCB9C0291A1B49E3004D0C0E /* Resources */ = {
			isa = PBXResourcesBuildPhase;
			buildActionMask = 2147483647;
			files = (
				BCBBE8EE1A1C66AE00497248 /* download (6).jpeg in Resources */,
				BCBBE8E91A1C66AE00497248 /* download (1).jpeg in Resources */,
				BCBBE8FB1A1C66AE00497248 /* images (11).jpeg in Resources */,
				BCB9C03F1A1B49E4004D0C0E /* LaunchScreen.xib in Resources */,
				BCBBE8EC1A1C66AE00497248 /* download (4).jpeg in Resources */,
				BCBBE8F61A1C66AE00497248 /* images (6).jpeg in Resources */,
				BCBBE8FE1A1C66AE00497248 /* images (14).jpeg in Resources */,
				BCBBE8F21A1C66AE00497248 /* images (2).jpeg in Resources */,
				BCBBE8FA1A1C66AE00497248 /* images (10).jpeg in Resources */,
				BCBBE8F81A1C66AE00497248 /* images (8).jpeg in Resources */,
				BCBBE8F51A1C66AE00497248 /* images (5).jpeg in Resources */,
				BCBBE8EA1A1C66AE00497248 /* download (2).jpeg in Resources */,
				BCBBE8FD1A1C66AE00497248 /* images (13).jpeg in Resources */,
				BCBBE8F01A1C66AE00497248 /* download.jpeg in Resources */,
				BCBBE8EF1A1C66AE00497248 /* download (7).jpeg in Resources */,
				BCBBE8F31A1C66AE00497248 /* images (3).jpeg in Resources */,
				BCBBE8FC1A1C66AE00497248 /* images (12).jpeg in Resources */,
				BC9FF1C41A1B88D700CA46E8 /* CSCell.xib in Resources */,
				BCBBE8ED1A1C66AE00497248 /* download (5).jpeg in Resources */,
				BCBBE8F11A1C66AE00497248 /* images (1).jpeg in Resources */,
				BCBBE8FF1A1C66AE00497248 /* images (15).jpeg in Resources */,
				BCB9C0551A1B4C08004D0C0E /* ViewController.xib in Resources */,
				BCBBE8F71A1C66AE00497248 /* images (7).jpeg in Resources */,
				BCBBE8F91A1C66AE00497248 /* images (9).jpeg in Resources */,
				BCBBE8EB1A1C66AE00497248 /* download (3).jpeg in Resources */,
				BCBBE8F41A1C66AE00497248 /* images (4).jpeg in Resources */,
				BCBBE9011A1C66AE00497248 /* images.jpeg in Resources */,
				BCBBE9001A1C66AE00497248 /* images (16).jpeg in Resources */,
				BCB9C03C1A1B49E4004D0C0E /* Images.xcassets in Resources */,
			);
			runOnlyForDeploymentPostprocessing = 0;
		};
		BCB9C0421A1B49E4004D0C0E /* Resources */ = {
			isa = PBXResourcesBuildPhase;
			buildActionMask = 2147483647;
			files = (
			);
			runOnlyForDeploymentPostprocessing = 0;
		};
/* End PBXResourcesBuildPhase section */

/* Begin PBXSourcesBuildPhase section */
		BCB9C0271A1B49E3004D0C0E /* Sources */ = {
			isa = PBXSourcesBuildPhase;
			buildActionMask = 2147483647;
			files = (
				BCB9C0371A1B49E3004D0C0E /* ViewController.m in Sources */,
				BC9FF1C31A1B88D700CA46E8 /* CSCell.m in Sources */,
				BCB9C0341A1B49E3004D0C0E /* AppDelegate.m in Sources */,
				BCB9C0311A1B49E3004D0C0E /* main.m in Sources */,
			);
			runOnlyForDeploymentPostprocessing = 0;
		};
		BCB9C0401A1B49E4004D0C0E /* Sources */ = {
			isa = PBXSourcesBuildPhase;
			buildActionMask = 2147483647;
			files = (
				BCB9C04B1A1B49E4004D0C0E /* CollectionViewTests.m in Sources */,
			);
			runOnlyForDeploymentPostprocessing = 0;
		};
/* End PBXSourcesBuildPhase section */

/* Begin PBXTargetDependency section */
		BCB9C0461A1B49E4004D0C0E /* PBXTargetDependency */ = {
			isa = PBXTargetDependency;
			target = BCB9C02A1A1B49E3004D0C0E /* CollectionView */;
			targetProxy = BCB9C0451A1B49E4004D0C0E /* PBXContainerItemProxy */;
		};
/* End PBXTargetDependency section */

/* Begin PBXVariantGroup section */
		BCB9C03D1A1B49E4004D0C0E /* LaunchScreen.xib */ = {
			isa = PBXVariantGroup;
			children = (
				BCB9C03E1A1B49E4004D0C0E /* Base */,
			);
			name = LaunchScreen.xib;
			sourceTree = "<group>";
		};
/* End PBXVariantGroup section */

/* Begin XCBuildConfiguration section */
		BCB9C04C1A1B49E4004D0C0E /* Debug */ = {
			isa = XCBuildConfiguration;
			buildSettings = {
				ALWAYS_SEARCH_USER_PATHS = NO;
				CLANG_CXX_LANGUAGE_STANDARD = "gnu++0x";
				CLANG_CXX_LIBRARY = "libc++";
				CLANG_ENABLE_MODULES = YES;
				CLANG_ENABLE_OBJC_ARC = YES;
				CLANG_WARN_BOOL_CONVERSION = YES;
				CLANG_WARN_CONSTANT_CONVERSION = YES;
				CLANG_WARN_DIRECT_OBJC_ISA_USAGE = YES_ERROR;
				CLANG_WARN_EMPTY_BODY = YES;
				CLANG_WARN_ENUM_CONVERSION = YES;
				CLANG_WARN_INT_CONVERSION = YES;
				CLANG_WARN_OBJC_ROOT_CLASS = YES_ERROR;
				CLANG_WARN_UNREACHABLE_CODE = YES;
				CLANG_WARN__DUPLICATE_METHOD_MATCH = YES;
				"CODE_SIGN_IDENTITY[sdk=iphoneos*]" = "iPhone Developer";
				COPY_PHASE_STRIP = NO;
				ENABLE_STRICT_OBJC_MSGSEND = YES;
				GCC_C_LANGUAGE_STANDARD = gnu99;
				GCC_DYNAMIC_NO_PIC = NO;
				GCC_OPTIMIZATION_LEVEL = 0;
				GCC_PREPROCESSOR_DEFINITIONS = (
					"DEBUG=1",
					"$(inherited)",
				);
				GCC_SYMBOLS_PRIVATE_EXTERN = NO;
				GCC_WARN_64_TO_32_BIT_CONVERSION = YES;
				GCC_WARN_ABOUT_RETURN_TYPE = YES_ERROR;
				GCC_WARN_UNDECLARED_SELECTOR = YES;
				GCC_WARN_UNINITIALIZED_AUTOS = YES_AGGRESSIVE;
				GCC_WARN_UNUSED_FUNCTION = YES;
				GCC_WARN_UNUSED_VARIABLE = YES;
				IPHONEOS_DEPLOYMENT_TARGET = 8.0;
				MTL_ENABLE_DEBUG_INFO = YES;
				ONLY_ACTIVE_ARCH = YES;
				SDKROOT = iphoneos;
			};
			name = Debug;
		};
		BCB9C04D1A1B49E4004D0C0E /* Release */ = {
			isa = XCBuildConfiguration;
			buildSettings = {
				ALWAYS_SEARCH_USER_PATHS = NO;
				CLANG_CXX_LANGUAGE_STANDARD = "gnu++0x";
				CLANG_CXX_LIBRARY = "libc++";
				CLANG_ENABLE_MODULES = YES;
				CLANG_ENABLE_OBJC_ARC = YES;
				CLANG_WARN_BOOL_CONVERSION = YES;
				CLANG_WARN_CONSTANT_CONVERSION = YES;
				CLANG_WARN_DIRECT_OBJC_ISA_USAGE = YES_ERROR;
				CLANG_WARN_EMPTY_BODY = YES;
				CLANG_WARN_ENUM_CONVERSION = YES;
				CLANG_WARN_INT_CONVERSION = YES;
				CLANG_WARN_OBJC_ROOT_CLASS = YES_ERROR;
				CLANG_WARN_UNREACHABLE_CODE = YES;
				CLANG_WARN__DUPLICATE_METHOD_MATCH = YES;
				"CODE_SIGN_IDENTITY[sdk=iphoneos*]" = "iPhone Developer";
				COPY_PHASE_STRIP = YES;
				ENABLE_NS_ASSERTIONS = NO;
				ENABLE_STRICT_OBJC_MSGSEND = YES;
				GCC_C_LANGUAGE_STANDARD = gnu99;
				GCC_WARN_64_TO_32_BIT_CONVERSION = YES;
				GCC_WARN_ABOUT_RETURN_TYPE = YES_ERROR;
				GCC_WARN_UNDECLARED_SELECTOR = YES;
				GCC_WARN_UNINITIALIZED_AUTOS = YES_AGGRESSIVE;
				GCC_WARN_UNUSED_FUNCTION = YES;
				GCC_WARN_UNUSED_VARIABLE = YES;
				IPHONEOS_DEPLOYMENT_TARGET = 8.0;
				MTL_ENABLE_DEBUG_INFO = NO;
				SDKROOT = iphoneos;
				VALIDATE_PRODUCT = YES;
			};
			name = Release;
		};
		BCB9C04F1A1B49E4004D0C0E /* Debug */ = {
			isa = XCBuildConfiguration;
			buildSettings = {
				ASSETCATALOG_COMPILER_APPICON_NAME = AppIcon;
				INFOPLIST_FILE = CollectionView/Info.plist;
				LD_RUNPATH_SEARCH_PATHS = "$(inherited) @executable_path/Frameworks";
				PRODUCT_NAME = "$(TARGET_NAME)";
			};
			name = Debug;
		};
		BCB9C0501A1B49E4004D0C0E /* Release */ = {
			isa = XCBuildConfiguration;
			buildSettings = {
				ASSETCATALOG_COMPILER_APPICON_NAME = AppIcon;
				INFOPLIST_FILE = CollectionView/Info.plist;
				LD_RUNPATH_SEARCH_PATHS = "$(inherited) @executable_path/Frameworks";
				PRODUCT_NAME = "$(TARGET_NAME)";
			};
			name = Release;
		};
		BCB9C0521A1B49E4004D0C0E /* Debug */ = {
			isa = XCBuildConfiguration;
			buildSettings = {
				BUNDLE_LOADER = "$(TEST_HOST)";
				FRAMEWORK_SEARCH_PATHS = (
					"$(SDKROOT)/Developer/Library/Frameworks",
					"$(inherited)",
				);
				GCC_PREPROCESSOR_DEFINITIONS = (
					"DEBUG=1",
					"$(inherited)",
				);
				INFOPLIST_FILE = CollectionViewTests/Info.plist;
				LD_RUNPATH_SEARCH_PATHS = "$(inherited) @executable_path/Frameworks @loader_path/Frameworks";
				PRODUCT_NAME = "$(TARGET_NAME)";
				TEST_HOST = "$(BUILT_PRODUCTS_DIR)/CollectionView.app/CollectionView";
			};
			name = Debug;
		};
		BCB9C0531A1B49E4004D0C0E /* Release */ = {
			isa = XCBuildConfiguration;
			buildSettings = {
				BUNDLE_LOADER = "$(TEST_HOST)";
				FRAMEWORK_SEARCH_PATHS = (
					"$(SDKROOT)/Developer/Library/Frameworks",
					"$(inherited)",
				);
				INFOPLIST_FILE = CollectionViewTests/Info.plist;
				LD_RUNPATH_SEARCH_PATHS = "$(inherited) @executable_path/Frameworks @loader_path/Frameworks";
				PRODUCT_NAME = "$(TARGET_NAME)";
				TEST_HOST = "$(BUILT_PRODUCTS_DIR)/CollectionView.app/CollectionView";
			};
			name = Release;
		};
/* End XCBuildConfiguration section */

/* Begin XCConfigurationList section */
		BCB9C0261A1B49E3004D0C0E /* Build configuration list for PBXProject "CollectionView" */ = {
			isa = XCConfigurationList;
			buildConfigurations = (
				BCB9C04C1A1B49E4004D0C0E /* Debug */,
				BCB9C04D1A1B49E4004D0C0E /* Release */,
			);
			defaultConfigurationIsVisible = 0;
			defaultConfigurationName = Release;
		};
		BCB9C04E1A1B49E4004D0C0E /* Build configuration list for PBXNativeTarget "CollectionView" */ = {
			isa = XCConfigurationList;
			buildConfigurations = (
				BCB9C04F1A1B49E4004D0C0E /* Debug */,
				BCB9C0501A1B49E4004D0C0E /* Release */,
			);
			defaultConfigurationIsVisible = 0;
			defaultConfigurationName = Release;
		};
		BCB9C0511A1B49E4004D0C0E /* Build configuration list for PBXNativeTarget "CollectionViewTests" */ = {
			isa = XCConfigurationList;
			buildConfigurations = (
				BCB9C0521A1B49E4004D0C0E /* Debug */,
				BCB9C0531A1B49E4004D0C0E /* Release */,
			);
			defaultConfigurationIsVisible = 0;
			defaultConfigurationName = Release;
		};
/* End XCConfigurationList section */
	};
	rootObject = BCB9C0231A1B49E3004D0C0E /* Project object */;
}
